
Microsoft Visual Studio Solution File, Format Version 12.00
# Visual Studio Version 16
VisualStudioVersion = 16.0.31515.178
MinimumVisualStudioVersion = 10.0.40219.1
Project("{FAE04EC0-301F-11D3-BF4B-00C04F79EFBC}") = "AMQer", "AMQer.csproj", "{3E7CC59C-3EC1-4362-BE45-21F9C8AC573A}"
EndProject
Global
	GlobalSection(SolutionConfigurationPlatforms) = preSolution
		Debug|Any CPU = Debug|Any CPU
		Release|Any CPU = Release|Any CPU
	EndGlobalSection
	GlobalSection(ProjectConfigurationPlatforms) = postSolution
		{3E7CC59C-3EC1-4362-BE45-21F9C8AC573A}.Debug|Any CPU.ActiveCfg = Debug|Any CPU
		{3E7CC59C-3EC1-4362-BE45-21F9C8AC573A}.Debug|Any CPU.Build.0 = Debug|Any CPU
		{3E7CC59C-3EC1-4362-BE45-21F9C8AC573A}.Release|Any CPU.ActiveCfg = Release|Any CPU
		{3E7CC59C-3EC1-4362-BE45-21F9C8AC573A}.Release|Any CPU.Build.0 = Release|Any CPU
	EndGlobalSection
	GlobalSection(SolutionProperties) = preSolution
		HideSolutionNode = FALSE
	EndGlobalSection
	GlobalSection(ExtensibilityGlobals) = postSolution
		SolutionGuid = {4D32801B-5E81-4BFF-9AB3-0089D66BD81D}
	EndGlobalSection
EndGlobal
